
Microsoft Visual Studio Solution File, Format Version 12.00
# Visual Studio Version 16
VisualStudioVersion = 16.0.31911.196
MinimumVisualStudioVersion = 10.0.40219.1
Project("{FAE04EC0-301F-11D3-BF4B-00C04F79EFBC}") = "Cloud Ark Sim", "Cloud Ark Sim\Cloud Ark Sim.csproj", "{11A481B5-75EF-41EA-A04D-0D15E687A376}"
EndProject
Global
	GlobalSection(SolutionConfigurationPlatforms) = preSolution
		Debug|Any CPU = Debug|Any CPU
		Debug|x64 = Debug|x64
		Debug|x86 = Debug|x86
		Release|Any CPU = Release|Any CPU
		Release|x64 = Release|x64
		Release|x86 = Release|x86
	EndGlobalSection
	GlobalSection(ProjectConfigurationPlatforms) = postSolution
		{11A481B5-75EF-41EA-A04D-0D15E687A376}.Debug|Any CPU.ActiveCfg = Debug|Any CPU
		{11A481B5-75EF-41EA-A04D-0D15E687A376}.Debug|Any CPU.Build.0 = Debug|Any CPU
		{11A481B5-75EF-41EA-A04D-0D15E687A376}.Debug|x64.ActiveCfg = Debug|x64
		{11A481B5-75EF-41EA-A04D-0D15E687A376}.Debug|x64.Build.0 = Debug|x64
		{11A481B5-75EF-41EA-A04D-0D15E687A376}.Debug|x86.ActiveCfg = Debug|x86
		{11A481B5-75EF-41EA-A04D-0D15E687A376}.Debug|x86.Build.0 = Debug|x86
		{11A481B5-75EF-41EA-A04D-0D15E687A376}.Release|Any CPU.ActiveCfg = Release|Any CPU
		{11A481B5-75EF-41EA-A04D-0D15E687A376}.Release|Any CPU.Build.0 = Release|Any CPU
		{11A481B5-75EF-41EA-A04D-0D15E687A376}.Release|x64.ActiveCfg = Release|x64
		{11A481B5-75EF-41EA-A04D-0D15E687A376}.Release|x64.Build.0 = Release|x64
		{11A481B5-75EF-41EA-A04D-0D15E687A376}.Release|x86.ActiveCfg = Release|x86
		{11A481B5-75EF-41EA-A04D-0D15E687A376}.Release|x86.Build.0 = Release|x86
	EndGlobalSection
	GlobalSection(SolutionProperties) = preSolution
		HideSolutionNode = FALSE
	EndGlobalSection
	GlobalSection(ExtensibilityGlobals) = postSolution
		SolutionGuid = {59791CD9-C259-4FB9-977E-DAD0166249DC}
	EndGlobalSection
EndGlobal
